{
  "name": "control-tower",
  "lockfileVersion": 3,
  "requires": true,
  "packages": {
    "": {
      "name": "control-tower",
      "devDependencies": {
        "microsandbox": "^0.6.8"
      }
    },
    "node_modules/@superradcompany/microsandbox-darwin-arm64": {
      "version": "0.6.8",
      "resolved": "https://registry.npmjs.org/@superradcompany/microsandbox-darwin-arm64/-/microsandbox-darwin-arm64-0.6.8.tgz",
      "integrity": "sha512-SbPo2mb5sEWY7Sry9lxlh762oX5G4RI4Xq2i6U9covTe+4MIFznNSCPIntoCcpzVwt4VNIukvEdyTsI9kITJLw==",
      "cpu": [
        "arm64"
      ],
      "dev": true,
      "license": "Apache-2.0",
      "optional": true,
      "os": [
        "darwin"
      ],
      "engines": {
        "node": ">= 22"
      }
    },
    "node_modules/@superradcompany/microsandbox-linux-arm64-gnu": {
      "version": "0.6.8",
      "resolved": "https://registry.npmjs.org/@superradcompany/microsandbox-linux-arm64-gnu/-/microsandbox-linux-arm64-gnu-0.6.8.tgz",
      "integrity": "sha512-cMgS/pE6N2LTbdGYMNiSzfxlsD0F1fhVuCFuIULxGfGyK+zmrYHgTgV0K6n9UQY+PjseOvNn//T7FJQ7SwyJ3g==",
      "cpu": [
        "arm64"
      ],
      "dev": true,
      "libc": [
        "glibc"
      ],
      "license": "Apache-2.0",
      "optional": true,
      "os": [
        "linux"
      ],
      "engines": {
        "node": ">= 22"
      }
    },
    "node_modules/@superradcompany/microsandbox-linux-x64-gnu": {
      "version": "0.6.8",
      "resolved": "https://registry.npmjs.org/@superradcompany/microsandbox-linux-x64-gnu/-/microsandbox-linux-x64-gnu-0.6.8.tgz",
      "integrity": "sha512-JCYgBsCf00bX2RA7YhdFdNOQHsWJFXYM3WJi1ONx3jLdUpiMKAVRZxCSPJe/UrFoRiqfj49AmgIBNtvs+2Ns9g==",
      "cpu": [
        "x64"
      ],
      "dev": true,
      "libc": [
        "glibc"
      ],
      "license": "Apache-2.0",
      "optional": true,
      "os": [
        "linux"
      ],
      "engines": {
        "node": ">= 22"
      }
    },
    "node_modules/@superradcompany/microsandbox-win32-arm64-msvc": {
      "version": "0.6.8",
      "resolved": "https://registry.npmjs.org/@superradcompany/microsandbox-win32-arm64-msvc/-/microsandbox-win32-arm64-msvc-0.6.8.tgz",
      "integrity": "sha512-cWXaHBleVZbTddVYiUSuChNbHWhzTnNkgBqhisSDcFa1FBa0g5sBzTBlcC0RAseMzs4F+6YqLbD040QOe/6deQ==",
      "cpu": [
        "arm64"
      ],
      "dev": true,
      "license": "Apache-2.0",
      "optional": true,
      "os": [
        "win32"
      ],
      "engines": {
        "node": ">= 22"
      }
    },
    "node_modules/@superradcompany/microsandbox-win32-x64-msvc": {
      "version": "0.6.8",
      "resolved": "https://registry.npmjs.org/@superradcompany/microsandbox-win32-x64-msvc/-/microsandbox-win32-x64-msvc-0.6.8.tgz",
      "integrity": "sha512-Asfn+8+CplKh05MyJIoRJzLCl1Z05B/n6Lc6+tpfFKmHjMkQw976L67AqqBQq4AxfkakBcpZYVHZQqUDxl5Fow==",
      "cpu": [
        "x64"
      ],
      "dev": true,
      "license": "Apache-2.0",
      "optional": true,
      "os": [
        "win32"
      ],
      "engines": {
        "node": ">= 22"
      }
    },
    "node_modules/microsandbox": {
      "version": "0.6.8",
      "resolved": "https://registry.npmjs.org/microsandbox/-/microsandbox-0.6.8.tgz",
      "integrity": "sha512-N9sqwUFjeRisBJPyu3uV0f+BFsWQmrxogGoZw0jXuLY9+ey0cgPTzQBLhjKyCbe6rq8joGtefvyS3J4vEW7DBQ==",
      "dev": true,
      "license": "Apache-2.0",
      "bin": {
        "microsandbox": "bin/microsandbox.cjs",
        "msb": "bin/microsandbox.cjs"
      },
      "engines": {
        "node": ">= 22"
      },
      "optionalDependencies": {
        "@superradcompany/microsandbox-darwin-arm64": "0.6.8",
        "@superradcompany/microsandbox-linux-arm64-gnu": "0.6.8",
        "@superradcompany/microsandbox-linux-x64-gnu": "0.6.8",
        "@superradcompany/microsandbox-win32-arm64-msvc": "0.6.8",
        "@superradcompany/microsandbox-win32-x64-msvc": "0.6.8"
      }
    }
  }
}
